
Microsoft Visual Studio Solution File, Format Version 12.00
Project("{FAE04EC0-301F-11D3-BF4B-00C04F79EFBC}") = "DZForestDemo", "DZForestDemo\DZForestDemo.csproj", "{34712A8C-56EB-44E7-BFE1-2740E5D19FD3}"
EndProject
Project("{FAE04EC0-301F-11D3-BF4B-00C04F79EFBC}") = "DZForestDemo.AssetImport", "DZForestDemo.AssetImport\DZForestDemo.AssetImport.csproj", "{ECB52015-40C0-4E47-A05E-B5A76E8A3BF0}"
EndProject
Project("{FAE04EC0-301F-11D3-BF4B-00C04F79EFBC}") = "DenOfIz.OfflineAssets", "DenOfIz.OfflineAssets\DenOfIz.OfflineAssets.csproj", "{870E27E1-56EA-49FC-B23F-A66653CDA2E6}"
EndProject
Project("{FAE04EC0-301F-11D3-BF4B-00C04F79EFBC}") = "DenOfIz.Core", "DenOfIz.Core\DenOfIz.Core.csproj", "{6FE069F9-3438-4777-95A6-481E4FA4A5EB}"
EndProject
Project("{FAE04EC0-301F-11D3-BF4B-00C04F79EFBC}") = "DenOfIz.Graphics.ShaderBuild", "DenOfIz.Graphics.ShaderBuild\DenOfIz.Graphics.ShaderBuild.csproj", "{1A70F95D-427D-4E7D-A88D-66531C2E25A4}"
EndProject
Global
	GlobalSection(SolutionConfigurationPlatforms) = preSolution
		Debug|Any CPU = Debug|Any CPU
		Debug|x64 = Debug|x64
		Debug|x86 = Debug|x86
		Release|Any CPU = Release|Any CPU
		Release|x64 = Release|x64
		Release|x86 = Release|x86
	EndGlobalSection
	GlobalSection(ProjectConfigurationPlatforms) = postSolution
		{34712A8C-56EB-44E7-BFE1-2740E5D19FD3}.Debug|Any CPU.ActiveCfg = Debug|Any CPU
		{34712A8C-56EB-44E7-BFE1-2740E5D19FD3}.Debug|Any CPU.Build.0 = Debug|Any CPU
		{34712A8C-56EB-44E7-BFE1-2740E5D19FD3}.Debug|x64.ActiveCfg = Debug|Any CPU
		{34712A8C-56EB-44E7-BFE1-2740E5D19FD3}.Debug|x64.Build.0 = Debug|Any CPU
		{34712A8C-56EB-44E7-BFE1-2740E5D19FD3}.Debug|x86.ActiveCfg = Debug|Any CPU
		{34712A8C-56EB-44E7-BFE1-2740E5D19FD3}.Debug|x86.Build.0 = Debug|Any CPU
		{34712A8C-56EB-44E7-BFE1-2740E5D19FD3}.Release|Any CPU.ActiveCfg = Release|Any CPU
		{34712A8C-56EB-44E7-BFE1-2740E5D19FD3}.Release|Any CPU.Build.0 = Release|Any CPU
		{34712A8C-56EB-44E7-BFE1-2740E5D19FD3}.Release|x64.ActiveCfg = Release|Any CPU
		{34712A8C-56EB-44E7-BFE1-2740E5D19FD3}.Release|x64.Build.0 = Release|Any CPU
		{34712A8C-56EB-44E7-BFE1-2740E5D19FD3}.Release|x86.ActiveCfg = Release|Any CPU
		{34712A8C-56EB-44E7-BFE1-2740E5D19FD3}.Release|x86.Build.0 = Release|Any CPU
		{ECB52015-40C0-4E47-A05E-B5A76E8A3BF0}.Debug|Any CPU.ActiveCfg = Debug|Any CPU
		{ECB52015-40C0-4E47-A05E-B5A76E8A3BF0}.Debug|Any CPU.Build.0 = Debug|Any CPU
		{ECB52015-40C0-4E47-A05E-B5A76E8A3BF0}.Debug|x64.ActiveCfg = Debug|Any CPU
		{ECB52015-40C0-4E47-A05E-B5A76E8A3BF0}.Debug|x64.Build.0 = Debug|Any CPU
		{ECB52015-40C0-4E47-A05E-B5A76E8A3BF0}.Debug|x86.ActiveCfg = Debug|Any CPU
		{ECB52015-40C0-4E47-A05E-B5A76E8A3BF0}.Debug|x86.Build.0 = Debug|Any CPU
		{ECB52015-40C0-4E47-A05E-B5A76E8A3BF0}.Release|Any CPU.ActiveCfg = Release|Any CPU
		{ECB52015-40C0-4E47-A05E-B5A76E8A3BF0}.Release|Any CPU.Build.0 = Release|Any CPU
		{ECB52015-40C0-4E47-A05E-B5A76E8A3BF0}.Release|x64.ActiveCfg = Release|Any CPU
		{ECB52015-40C0-4E47-A05E-B5A76E8A3BF0}.Release|x64.Build.0 = Release|Any CPU
		{ECB52015-40C0-4E47-A05E-B5A76E8A3BF0}.Release|x86.ActiveCfg = Release|Any CPU
		{ECB52015-40C0-4E47-A05E-B5A76E8A3BF0}.Release|x86.Build.0 = Release|Any CPU
		{870E27E1-56EA-49FC-B23F-A66653CDA2E6}.Debug|Any CPU.ActiveCfg = Debug|Any CPU
		{870E27E1-56EA-49FC-B23F-A66653CDA2E6}.Debug|Any CPU.Build.0 = Debug|Any CPU
		{870E27E1-56EA-49FC-B23F-A66653CDA2E6}.Debug|x64.ActiveCfg = Debug|Any CPU
		{870E27E1-56EA-49FC-B23F-A66653CDA2E6}.Debug|x64.Build.0 = Debug|Any CPU
		{870E27E1-56EA-49FC-B23F-A66653CDA2E6}.Debug|x86.ActiveCfg = Debug|Any CPU
		{870E27E1-56EA-49FC-B23F-A66653CDA2E6}.Debug|x86.Build.0 = Debug|Any CPU
		{870E27E1-56EA-49FC-B23F-A66653CDA2E6}.Release|Any CPU.ActiveCfg = Release|Any CPU
		{870E27E1-56EA-49FC-B23F-A66653CDA2E6}.Release|Any CPU.Build.0 = Release|Any CPU
		{870E27E1-56EA-49FC-B23F-A66653CDA2E6}.Release|x64.ActiveCfg = Release|Any CPU
		{870E27E1-56EA-49FC-B23F-A66653CDA2E6}.Release|x64.Build.0 = Release|Any CPU
		{870E27E1-56EA-49FC-B23F-A66653CDA2E6}.Release|x86.ActiveCfg = Release|Any CPU
		{870E27E1-56EA-49FC-B23F-A66653CDA2E6}.Release|x86.Build.0 = Release|Any CPU
		{6FE069F9-3438-4777-95A6-481E4FA4A5EB}.Debug|Any CPU.ActiveCfg = Debug|Any CPU
		{6FE069F9-3438-4777-95A6-481E4FA4A5EB}.Debug|Any CPU.Build.0 = Debug|Any CPU
		{6FE069F9-3438-4777-95A6-481E4FA4A5EB}.Debug|x64.ActiveCfg = Debug|Any CPU
		{6FE069F9-3438-4777-95A6-481E4FA4A5EB}.Debug|x64.Build.0 = Debug|Any CPU
		{6FE069F9-3438-4777-95A6-481E4FA4A5EB}.Debug|x86.ActiveCfg = Debug|Any CPU
		{6FE069F9-3438-4777-95A6-481E4FA4A5EB}.Debug|x86.Build.0 = Debug|Any CPU
		{6FE069F9-3438-4777-95A6-481E4FA4A5EB}.Release|Any CPU.ActiveCfg = Release|Any CPU
		{6FE069F9-3438-4777-95A6-481E4FA4A5EB}.Release|Any CPU.Build.0 = Release|Any CPU
		{6FE069F9-3438-4777-95A6-481E4FA4A5EB}.Release|x64.ActiveCfg = Release|Any CPU
		{6FE069F9-3438-4777-95A6-481E4FA4A5EB}.Release|x64.Build.0 = Release|Any CPU
		{6FE069F9-3438-4777-95A6-481E4FA4A5EB}.Release|x86.ActiveCfg = Release|Any CPU
		{6FE069F9-3438-4777-95A6-481E4FA4A5EB}.Release|x86.Build.0 = Release|Any CPU
		{1A70F95D-427D-4E7D-A88D-66531C2E25A4}.Debug|Any CPU.ActiveCfg = Debug|Any CPU
		{1A70F95D-427D-4E7D-A88D-66531C2E25A4}.Debug|Any CPU.Build.0 = Debug|Any CPU
		{1A70F95D-427D-4E7D-A88D-66531C2E25A4}.Debug|x64.ActiveCfg = Debug|Any CPU
		{1A70F95D-427D-4E7D-A88D-66531C2E25A4}.Debug|x64.Build.0 = Debug|Any CPU
		{1A70F95D-427D-4E7D-A88D-66531C2E25A4}.Debug|x86.ActiveCfg = Debug|Any CPU
		{1A70F95D-427D-4E7D-A88D-66531C2E25A4}.Debug|x86.Build.0 = Debug|Any CPU
		{1A70F95D-427D-4E7D-A88D-66531C2E25A4}.Release|Any CPU.ActiveCfg = Release|Any CPU
		{1A70F95D-427D-4E7D-A88D-66531C2E25A4}.Release|Any CPU.Build.0 = Release|Any CPU
		{1A70F95D-427D-4E7D-A88D-66531C2E25A4}.Release|x64.ActiveCfg = Release|Any CPU
		{1A70F95D-427D-4E7D-A88D-66531C2E25A4}.Release|x64.Build.0 = Release|Any CPU
		{1A70F95D-427D-4E7D-A88D-66531C2E25A4}.Release|x86.ActiveCfg = Release|Any CPU
		{1A70F95D-427D-4E7D-A88D-66531C2E25A4}.Release|x86.Build.0 = Release|Any CPU
	EndGlobalSection
	GlobalSection(SolutionProperties) = preSolution
		HideSolutionNode = FALSE
	EndGlobalSection
EndGlobal
