
Microsoft Visual Studio Solution File, Format Version 12.00
Project("{FAE04EC0-301F-11D3-BF4B-00C04F79EFBC}") = "DZForestDemo", "DZForestDemo\DZForestDemo.csproj", "{34712A8C-56EB-44E7-BFE1-2740E5D19FD3}"
EndProject
Project("{FAE04EC0-301F-11D3-BF4B-00C04F79EFBC}") = "DZForestDemo.AssetImport", "DZForestDemo.AssetImport\DZForestDemo.AssetImport.csproj", "{ECB52015-40C0-4E47-A05E-B5A76E8A3BF0}"
EndProject
Project("{FAE04EC0-301F-11D3-BF4B-00C04F79EFBC}") = "DenOfIz.OfflineAssets", "DenOfIz.OfflineAssets\DenOfIz.OfflineAssets.csproj", "{870E27E1-56EA-49FC-B23F-A66653CDA2E6}"
EndProject
Project("{FAE04EC0-301F-11D3-BF4B-00C04F79EFBC}") = "DenOfIz.Graphics", "DenOfIz.Graphics\DenOfIz.Graphics.csproj", "{D1F4D156-735C-413E-875A-014D56421D89}"
EndProject
Project("{FAE04EC0-301F-11D3-BF4B-00C04F79EFBC}") = "DenOfIz.Application", "DenOfIz.Application\DenOfIz.Application.csproj", "{A8E3B8C4-9D2F-4E5A-B6C7-1D8E9F0A2B3C}"
EndProject
Project("{FAE04EC0-301F-11D3-BF4B-00C04F79EFBC}") = "DenOfIz.UI", "DenOfIz.UI\DenOfIz.UI.csproj", "{EE1DAC09-1A1C-477E-9980-FA625111A2EA}"
EndProject
Project("{FAE04EC0-301F-11D3-BF4B-00C04F79EFBC}") = "DenOfIz.RuntimeAssets", "DenOfIz.RuntimeAssets\DenOfIz.RuntimeAssets.csproj", "{14806F61-D176-47D4-8E06-AE909FAB1B95}"
EndProject
Project("{FAE04EC0-301F-11D3-BF4B-00C04F79EFBC}") = "DenOfIz.ECS", "DenOfIz.ECS\DenOfIz.ECS.csproj", "{101FC19F-6594-4850-8A18-D33CE6012619}"
EndProject
Project("{FAE04EC0-301F-11D3-BF4B-00C04F79EFBC}") = "DenOfIz.Physics", "DenOfIz.Physics\DenOfIz.Physics.csproj", "{E6889A6D-7DB5-493E-85A2-B714E9C448EE}"
EndProject
Project("{FAE04EC0-301F-11D3-BF4B-00C04F79EFBC}") = "DenOfIz.Tasks", "DenOfIz.Tasks\DenOfIz.Tasks.csproj", "{E6A3B2FF-D9CA-45EA-A8F7-341B42FC824E}"
EndProject
Global
	GlobalSection(SolutionConfigurationPlatforms) = preSolution
		Debug|Any CPU = Debug|Any CPU
		Debug|x64 = Debug|x64
		Debug|x86 = Debug|x86
		Release|Any CPU = Release|Any CPU
		Release|x64 = Release|x64
		Release|x86 = Release|x86
	EndGlobalSection
	GlobalSection(ProjectConfigurationPlatforms) = postSolution
		{34712A8C-56EB-44E7-BFE1-2740E5D19FD3}.Debug|Any CPU.ActiveCfg = Debug|Any CPU
		{34712A8C-56EB-44E7-BFE1-2740E5D19FD3}.Debug|Any CPU.Build.0 = Debug|Any CPU
		{34712A8C-56EB-44E7-BFE1-2740E5D19FD3}.Debug|x64.ActiveCfg = Debug|Any CPU
		{34712A8C-56EB-44E7-BFE1-2740E5D19FD3}.Debug|x64.Build.0 = Debug|Any CPU
		{34712A8C-56EB-44E7-BFE1-2740E5D19FD3}.Debug|x86.ActiveCfg = Debug|Any CPU
		{34712A8C-56EB-44E7-BFE1-2740E5D19FD3}.Debug|x86.Build.0 = Debug|Any CPU
		{34712A8C-56EB-44E7-BFE1-2740E5D19FD3}.Release|Any CPU.ActiveCfg = Release|Any CPU
		{34712A8C-56EB-44E7-BFE1-2740E5D19FD3}.Release|Any CPU.Build.0 = Release|Any CPU
		{34712A8C-56EB-44E7-BFE1-2740E5D19FD3}.Release|x64.ActiveCfg = Release|Any CPU
		{34712A8C-56EB-44E7-BFE1-2740E5D19FD3}.Release|x64.Build.0 = Release|Any CPU
		{34712A8C-56EB-44E7-BFE1-2740E5D19FD3}.Release|x86.ActiveCfg = Release|Any CPU
		{34712A8C-56EB-44E7-BFE1-2740E5D19FD3}.Release|x86.Build.0 = Release|Any CPU
		{ECB52015-40C0-4E47-A05E-B5A76E8A3BF0}.Debug|Any CPU.ActiveCfg = Debug|Any CPU
		{ECB52015-40C0-4E47-A05E-B5A76E8A3BF0}.Debug|Any CPU.Build.0 = Debug|Any CPU
		{ECB52015-40C0-4E47-A05E-B5A76E8A3BF0}.Debug|x64.ActiveCfg = Debug|Any CPU
		{ECB52015-40C0-4E47-A05E-B5A76E8A3BF0}.Debug|x64.Build.0 = Debug|Any CPU
		{ECB52015-40C0-4E47-A05E-B5A76E8A3BF0}.Debug|x86.ActiveCfg = Debug|Any CPU
		{ECB52015-40C0-4E47-A05E-B5A76E8A3BF0}.Debug|x86.Build.0 = Debug|Any CPU
		{ECB52015-40C0-4E47-A05E-B5A76E8A3BF0}.Release|Any CPU.ActiveCfg = Release|Any CPU
		{ECB52015-40C0-4E47-A05E-B5A76E8A3BF0}.Release|Any CPU.Build.0 = Release|Any CPU
		{ECB52015-40C0-4E47-A05E-B5A76E8A3BF0}.Release|x64.ActiveCfg = Release|Any CPU
		{ECB52015-40C0-4E47-A05E-B5A76E8A3BF0}.Release|x64.Build.0 = Release|Any CPU
		{ECB52015-40C0-4E47-A05E-B5A76E8A3BF0}.Release|x86.ActiveCfg = Release|Any CPU
		{ECB52015-40C0-4E47-A05E-B5A76E8A3BF0}.Release|x86.Build.0 = Release|Any CPU
		{870E27E1-56EA-49FC-B23F-A66653CDA2E6}.Debug|Any CPU.ActiveCfg = Debug|Any CPU
		{870E27E1-56EA-49FC-B23F-A66653CDA2E6}.Debug|Any CPU.Build.0 = Debug|Any CPU
		{870E27E1-56EA-49FC-B23F-A66653CDA2E6}.Debug|x64.ActiveCfg = Debug|Any CPU
		{870E27E1-56EA-49FC-B23F-A66653CDA2E6}.Debug|x64.Build.0 = Debug|Any CPU
		{870E27E1-56EA-49FC-B23F-A66653CDA2E6}.Debug|x86.ActiveCfg = Debug|Any CPU
		{870E27E1-56EA-49FC-B23F-A66653CDA2E6}.Debug|x86.Build.0 = Debug|Any CPU
		{870E27E1-56EA-49FC-B23F-A66653CDA2E6}.Release|Any CPU.ActiveCfg = Release|Any CPU
		{870E27E1-56EA-49FC-B23F-A66653CDA2E6}.Release|Any CPU.Build.0 = Release|Any CPU
		{870E27E1-56EA-49FC-B23F-A66653CDA2E6}.Release|x64.ActiveCfg = Release|Any CPU
		{870E27E1-56EA-49FC-B23F-A66653CDA2E6}.Release|x64.Build.0 = Release|Any CPU
		{870E27E1-56EA-49FC-B23F-A66653CDA2E6}.Release|x86.ActiveCfg = Release|Any CPU
		{870E27E1-56EA-49FC-B23F-A66653CDA2E6}.Release|x86.Build.0 = Release|Any CPU
		{D1F4D156-735C-413E-875A-014D56421D89}.Debug|Any CPU.ActiveCfg = Debug|Any CPU
		{D1F4D156-735C-413E-875A-014D56421D89}.Debug|Any CPU.Build.0 = Debug|Any CPU
		{D1F4D156-735C-413E-875A-014D56421D89}.Debug|x64.ActiveCfg = Debug|Any CPU
		{D1F4D156-735C-413E-875A-014D56421D89}.Debug|x64.Build.0 = Debug|Any CPU
		{D1F4D156-735C-413E-875A-014D56421D89}.Debug|x86.ActiveCfg = Debug|Any CPU
		{D1F4D156-735C-413E-875A-014D56421D89}.Debug|x86.Build.0 = Debug|Any CPU
		{D1F4D156-735C-413E-875A-014D56421D89}.Release|Any CPU.ActiveCfg = Release|Any CPU
		{D1F4D156-735C-413E-875A-014D56421D89}.Release|Any CPU.Build.0 = Release|Any CPU
		{D1F4D156-735C-413E-875A-014D56421D89}.Release|x64.ActiveCfg = Release|Any CPU
		{D1F4D156-735C-413E-875A-014D56421D89}.Release|x64.Build.0 = Release|Any CPU
		{D1F4D156-735C-413E-875A-014D56421D89}.Release|x86.ActiveCfg = Release|Any CPU
		{D1F4D156-735C-413E-875A-014D56421D89}.Release|x86.Build.0 = Release|Any CPU
		{A8E3B8C4-9D2F-4E5A-B6C7-1D8E9F0A2B3C}.Debug|Any CPU.ActiveCfg = Debug|Any CPU
		{A8E3B8C4-9D2F-4E5A-B6C7-1D8E9F0A2B3C}.Debug|Any CPU.Build.0 = Debug|Any CPU
		{A8E3B8C4-9D2F-4E5A-B6C7-1D8E9F0A2B3C}.Debug|x64.ActiveCfg = Debug|Any CPU
		{A8E3B8C4-9D2F-4E5A-B6C7-1D8E9F0A2B3C}.Debug|x64.Build.0 = Debug|Any CPU
		{A8E3B8C4-9D2F-4E5A-B6C7-1D8E9F0A2B3C}.Debug|x86.ActiveCfg = Debug|Any CPU
		{A8E3B8C4-9D2F-4E5A-B6C7-1D8E9F0A2B3C}.Debug|x86.Build.0 = Debug|Any CPU
		{A8E3B8C4-9D2F-4E5A-B6C7-1D8E9F0A2B3C}.Release|Any CPU.ActiveCfg = Release|Any CPU
		{A8E3B8C4-9D2F-4E5A-B6C7-1D8E9F0A2B3C}.Release|Any CPU.Build.0 = Release|Any CPU
		{A8E3B8C4-9D2F-4E5A-B6C7-1D8E9F0A2B3C}.Release|x64.ActiveCfg = Release|Any CPU
		{A8E3B8C4-9D2F-4E5A-B6C7-1D8E9F0A2B3C}.Release|x64.Build.0 = Release|Any CPU
		{A8E3B8C4-9D2F-4E5A-B6C7-1D8E9F0A2B3C}.Release|x86.ActiveCfg = Release|Any CPU
		{A8E3B8C4-9D2F-4E5A-B6C7-1D8E9F0A2B3C}.Release|x86.Build.0 = Release|Any CPU
		{EE1DAC09-1A1C-477E-9980-FA625111A2EA}.Debug|Any CPU.ActiveCfg = Debug|Any CPU
		{EE1DAC09-1A1C-477E-9980-FA625111A2EA}.Debug|Any CPU.Build.0 = Debug|Any CPU
		{EE1DAC09-1A1C-477E-9980-FA625111A2EA}.Debug|x64.ActiveCfg = Debug|Any CPU
		{EE1DAC09-1A1C-477E-9980-FA625111A2EA}.Debug|x64.Build.0 = Debug|Any CPU
		{EE1DAC09-1A1C-477E-9980-FA625111A2EA}.Debug|x86.ActiveCfg = Debug|Any CPU
		{EE1DAC09-1A1C-477E-9980-FA625111A2EA}.Debug|x86.Build.0 = Debug|Any CPU
		{EE1DAC09-1A1C-477E-9980-FA625111A2EA}.Release|Any CPU.ActiveCfg = Release|Any CPU
		{EE1DAC09-1A1C-477E-9980-FA625111A2EA}.Release|Any CPU.Build.0 = Release|Any CPU
		{EE1DAC09-1A1C-477E-9980-FA625111A2EA}.Release|x64.ActiveCfg = Release|Any CPU
		{EE1DAC09-1A1C-477E-9980-FA625111A2EA}.Release|x64.Build.0 = Release|Any CPU
		{EE1DAC09-1A1C-477E-9980-FA625111A2EA}.Release|x86.ActiveCfg = Release|Any CPU
		{EE1DAC09-1A1C-477E-9980-FA625111A2EA}.Release|x86.Build.0 = Release|Any CPU
		{14806F61-D176-47D4-8E06-AE909FAB1B95}.Debug|Any CPU.ActiveCfg = Debug|Any CPU
		{14806F61-D176-47D4-8E06-AE909FAB1B95}.Debug|Any CPU.Build.0 = Debug|Any CPU
		{14806F61-D176-47D4-8E06-AE909FAB1B95}.Debug|x64.ActiveCfg = Debug|Any CPU
		{14806F61-D176-47D4-8E06-AE909FAB1B95}.Debug|x64.Build.0 = Debug|Any CPU
		{14806F61-D176-47D4-8E06-AE909FAB1B95}.Debug|x86.ActiveCfg = Debug|Any CPU
		{14806F61-D176-47D4-8E06-AE909FAB1B95}.Debug|x86.Build.0 = Debug|Any CPU
		{14806F61-D176-47D4-8E06-AE909FAB1B95}.Release|Any CPU.ActiveCfg = Release|Any CPU
		{14806F61-D176-47D4-8E06-AE909FAB1B95}.Release|Any CPU.Build.0 = Release|Any CPU
		{14806F61-D176-47D4-8E06-AE909FAB1B95}.Release|x64.ActiveCfg = Release|Any CPU
		{14806F61-D176-47D4-8E06-AE909FAB1B95}.Release|x64.Build.0 = Release|Any CPU
		{14806F61-D176-47D4-8E06-AE909FAB1B95}.Release|x86.ActiveCfg = Release|Any CPU
		{14806F61-D176-47D4-8E06-AE909FAB1B95}.Release|x86.Build.0 = Release|Any CPU
		{101FC19F-6594-4850-8A18-D33CE6012619}.Debug|Any CPU.ActiveCfg = Debug|Any CPU
		{101FC19F-6594-4850-8A18-D33CE6012619}.Debug|Any CPU.Build.0 = Debug|Any CPU
		{101FC19F-6594-4850-8A18-D33CE6012619}.Debug|x64.ActiveCfg = Debug|Any CPU
		{101FC19F-6594-4850-8A18-D33CE6012619}.Debug|x64.Build.0 = Debug|Any CPU
		{101FC19F-6594-4850-8A18-D33CE6012619}.Debug|x86.ActiveCfg = Debug|Any CPU
		{101FC19F-6594-4850-8A18-D33CE6012619}.Debug|x86.Build.0 = Debug|Any CPU
		{101FC19F-6594-4850-8A18-D33CE6012619}.Release|Any CPU.ActiveCfg = Release|Any CPU
		{101FC19F-6594-4850-8A18-D33CE6012619}.Release|Any CPU.Build.0 = Release|Any CPU
		{101FC19F-6594-4850-8A18-D33CE6012619}.Release|x64.ActiveCfg = Release|Any CPU
		{101FC19F-6594-4850-8A18-D33CE6012619}.Release|x64.Build.0 = Release|Any CPU
		{101FC19F-6594-4850-8A18-D33CE6012619}.Release|x86.ActiveCfg = Release|Any CPU
		{101FC19F-6594-4850-8A18-D33CE6012619}.Release|x86.Build.0 = Release|Any CPU
		{E6889A6D-7DB5-493E-85A2-B714E9C448EE}.Debug|Any CPU.ActiveCfg = Debug|Any CPU
		{E6889A6D-7DB5-493E-85A2-B714E9C448EE}.Debug|Any CPU.Build.0 = Debug|Any CPU
		{E6889A6D-7DB5-493E-85A2-B714E9C448EE}.Debug|x64.ActiveCfg = Debug|Any CPU
		{E6889A6D-7DB5-493E-85A2-B714E9C448EE}.Debug|x64.Build.0 = Debug|Any CPU
		{E6889A6D-7DB5-493E-85A2-B714E9C448EE}.Debug|x86.ActiveCfg = Debug|Any CPU
		{E6889A6D-7DB5-493E-85A2-B714E9C448EE}.Debug|x86.Build.0 = Debug|Any CPU
		{E6889A6D-7DB5-493E-85A2-B714E9C448EE}.Release|Any CPU.ActiveCfg = Release|Any CPU
		{E6889A6D-7DB5-493E-85A2-B714E9C448EE}.Release|Any CPU.Build.0 = Release|Any CPU
		{E6889A6D-7DB5-493E-85A2-B714E9C448EE}.Release|x64.ActiveCfg = Release|Any CPU
		{E6889A6D-7DB5-493E-85A2-B714E9C448EE}.Release|x64.Build.0 = Release|Any CPU
		{E6889A6D-7DB5-493E-85A2-B714E9C448EE}.Release|x86.ActiveCfg = Release|Any CPU
		{E6889A6D-7DB5-493E-85A2-B714E9C448EE}.Release|x86.Build.0 = Release|Any CPU
		{E6A3B2FF-D9CA-45EA-A8F7-341B42FC824E}.Debug|Any CPU.ActiveCfg = Debug|Any CPU
		{E6A3B2FF-D9CA-45EA-A8F7-341B42FC824E}.Debug|Any CPU.Build.0 = Debug|Any CPU
		{E6A3B2FF-D9CA-45EA-A8F7-341B42FC824E}.Debug|x64.ActiveCfg = Debug|Any CPU
		{E6A3B2FF-D9CA-45EA-A8F7-341B42FC824E}.Debug|x64.Build.0 = Debug|Any CPU
		{E6A3B2FF-D9CA-45EA-A8F7-341B42FC824E}.Debug|x86.ActiveCfg = Debug|Any CPU
		{E6A3B2FF-D9CA-45EA-A8F7-341B42FC824E}.Debug|x86.Build.0 = Debug|Any CPU
		{E6A3B2FF-D9CA-45EA-A8F7-341B42FC824E}.Release|Any CPU.ActiveCfg = Release|Any CPU
		{E6A3B2FF-D9CA-45EA-A8F7-341B42FC824E}.Release|Any CPU.Build.0 = Release|Any CPU
		{E6A3B2FF-D9CA-45EA-A8F7-341B42FC824E}.Release|x64.ActiveCfg = Release|Any CPU
		{E6A3B2FF-D9CA-45EA-A8F7-341B42FC824E}.Release|x64.Build.0 = Release|Any CPU
		{E6A3B2FF-D9CA-45EA-A8F7-341B42FC824E}.Release|x86.ActiveCfg = Release|Any CPU
		{E6A3B2FF-D9CA-45EA-A8F7-341B42FC824E}.Release|x86.Build.0 = Release|Any CPU
	EndGlobalSection
	GlobalSection(SolutionProperties) = preSolution
		HideSolutionNode = FALSE
	EndGlobalSection
EndGlobal
